
Microsoft Visual Studio Solution File, Format Version 12.00
# Visual Studio Version 17
VisualStudioVersion = 17.11.35327.3
MinimumVisualStudioVersion = 10.0.40219.1
Project("{9A19103F-16F7-4668-BE54-9A1E7A4F7556}") = "MongoDBAPI10B", "MongoDBAPI10B\MongoDBAPI10B.csproj", "{D808E0E0-B657-4D3D-9612-F28C5B10E5BF}"
EndProject
Project("{9A19103F-16F7-4668-BE54-9A1E7A4F7556}") = "MongoDBAPI.UI", "MongoDBAPI.UI\MongoDBAPI.UI.csproj", "{82B42248-62E6-4A90-A328-A59489A1AC49}"
EndProject
Project("{9A19103F-16F7-4668-BE54-9A1E7A4F7556}") = "MongoDBAPI.Model", "MongoDBAPI.Model\MongoDBAPI.Model.csproj", "{B805D6E0-7539-4107-8A8E-73082AC7D1D1}"
EndProject
Global
	GlobalSection(SolutionConfigurationPlatforms) = preSolution
		Debug|Any CPU = Debug|Any CPU
		Release|Any CPU = Release|Any CPU
	EndGlobalSection
	GlobalSection(ProjectConfigurationPlatforms) = postSolution
		{D808E0E0-B657-4D3D-9612-F28C5B10E5BF}.Debug|Any CPU.ActiveCfg = Debug|Any CPU
		{D808E0E0-B657-4D3D-9612-F28C5B10E5BF}.Debug|Any CPU.Build.0 = Debug|Any CPU
		{D808E0E0-B657-4D3D-9612-F28C5B10E5BF}.Release|Any CPU.ActiveCfg = Release|Any CPU
		{D808E0E0-B657-4D3D-9612-F28C5B10E5BF}.Release|Any CPU.Build.0 = Release|Any CPU
		{82B42248-62E6-4A90-A328-A59489A1AC49}.Debug|Any CPU.ActiveCfg = Debug|Any CPU
		{82B42248-62E6-4A90-A328-A59489A1AC49}.Debug|Any CPU.Build.0 = Debug|Any CPU
		{82B42248-62E6-4A90-A328-A59489A1AC49}.Debug|Any CPU.Deploy.0 = Debug|Any CPU
		{82B42248-62E6-4A90-A328-A59489A1AC49}.Release|Any CPU.ActiveCfg = Release|Any CPU
		{82B42248-62E6-4A90-A328-A59489A1AC49}.Release|Any CPU.Build.0 = Release|Any CPU
		{82B42248-62E6-4A90-A328-A59489A1AC49}.Release|Any CPU.Deploy.0 = Release|Any CPU
		{B805D6E0-7539-4107-8A8E-73082AC7D1D1}.Debug|Any CPU.ActiveCfg = Debug|Any CPU
		{B805D6E0-7539-4107-8A8E-73082AC7D1D1}.Debug|Any CPU.Build.0 = Debug|Any CPU
		{B805D6E0-7539-4107-8A8E-73082AC7D1D1}.Release|Any CPU.ActiveCfg = Release|Any CPU
		{B805D6E0-7539-4107-8A8E-73082AC7D1D1}.Release|Any CPU.Build.0 = Release|Any CPU
	EndGlobalSection
	GlobalSection(SolutionProperties) = preSolution
		HideSolutionNode = FALSE
	EndGlobalSection
	GlobalSection(ExtensibilityGlobals) = postSolution
		SolutionGuid = {4868B952-3A09-4B85-B2AA-F06172EF6292}
	EndGlobalSection
EndGlobal
